
Microsoft Visual Studio Solution File, Format Version 12.00
Project("{FAE04EC0-301F-11D3-BF4B-00C04F79EFBC}") = "SAT", "SAT\SAT.csproj", "{CF66C851-628A-49BC-AFC0-8A444052EDB6}"
EndProject
Project("{FAE04EC0-301F-11D3-BF4B-00C04F79EFBC}") = "TestSAT", "TestSAT\TestSAT.csproj", "{F10599AF-7A82-4C55-80FE-BE4CD8B822D9}"
EndProject
Global
	GlobalSection(SolutionConfigurationPlatforms) = preSolution
		Debug|Any CPU = Debug|Any CPU
		Release|Any CPU = Release|Any CPU
	EndGlobalSection
	GlobalSection(ProjectConfigurationPlatforms) = postSolution
		{CF66C851-628A-49BC-AFC0-8A444052EDB6}.Debug|Any CPU.ActiveCfg = Debug|Any CPU
		{CF66C851-628A-49BC-AFC0-8A444052EDB6}.Debug|Any CPU.Build.0 = Debug|Any CPU
		{CF66C851-628A-49BC-AFC0-8A444052EDB6}.Release|Any CPU.ActiveCfg = Release|Any CPU
		{CF66C851-628A-49BC-AFC0-8A444052EDB6}.Release|Any CPU.Build.0 = Release|Any CPU
		{F10599AF-7A82-4C55-80FE-BE4CD8B822D9}.Debug|Any CPU.ActiveCfg = Debug|Any CPU
		{F10599AF-7A82-4C55-80FE-BE4CD8B822D9}.Debug|Any CPU.Build.0 = Debug|Any CPU
		{F10599AF-7A82-4C55-80FE-BE4CD8B822D9}.Release|Any CPU.ActiveCfg = Release|Any CPU
		{F10599AF-7A82-4C55-80FE-BE4CD8B822D9}.Release|Any CPU.Build.0 = Release|Any CPU
	EndGlobalSection
EndGlobal
